
Microsoft Visual Studio Solution File, Format Version 12.00
# Visual Studio Version 16
VisualStudioVersion = 16.0.31025.194
MinimumVisualStudioVersion = 10.0.40219.1
Project("{FAE04EC0-301F-11D3-BF4B-00C04F79EFBC}") = "SessionState01", "SessionState01.csproj", "{CA21DE1A-E39D-4968-9D11-9ACECFE2240F}"
EndProject
Global
	GlobalSection(SolutionConfigurationPlatforms) = preSolution
		Debug|Any CPU = Debug|Any CPU
		Release|Any CPU = Release|Any CPU
	EndGlobalSection
	GlobalSection(ProjectConfigurationPlatforms) = postSolution
		{CA21DE1A-E39D-4968-9D11-9ACECFE2240F}.Debug|Any CPU.ActiveCfg = Debug|Any CPU
		{CA21DE1A-E39D-4968-9D11-9ACECFE2240F}.Debug|Any CPU.Build.0 = Debug|Any CPU
		{CA21DE1A-E39D-4968-9D11-9ACECFE2240F}.Release|Any CPU.ActiveCfg = Release|Any CPU
		{CA21DE1A-E39D-4968-9D11-9ACECFE2240F}.Release|Any CPU.Build.0 = Release|Any CPU
	EndGlobalSection
	GlobalSection(SolutionProperties) = preSolution
		HideSolutionNode = FALSE
	EndGlobalSection
	GlobalSection(ExtensibilityGlobals) = postSolution
		SolutionGuid = {FFB4B2DB-5FF4-4A6F-95A0-63B53367357A}
	EndGlobalSection
EndGlobal
